
Microsoft Visual Studio Solution File, Format Version 12.00
# Visual Studio Version 16
VisualStudioVersion = 16.0.30406.217
MinimumVisualStudioVersion = 10.0.40219.1
Project("{FAE04EC0-301F-11D3-BF4B-00C04F79EFBC}") = "MyCMS", "MyCMS.csproj", "{5050CFDC-8317-4DA5-9C9F-E16261285AB7}"
EndProject
Project("{FAE04EC0-301F-11D3-BF4B-00C04F79EFBC}") = "MyCMS.Tests", "..\MyCMS.Tests\MyCMS.Tests.csproj", "{A732A586-7E80-4E0C-A879-162DD671C766}"
EndProject
Global
	GlobalSection(SolutionConfigurationPlatforms) = preSolution
		Debug|Any CPU = Debug|Any CPU
		Release|Any CPU = Release|Any CPU
	EndGlobalSection
	GlobalSection(ProjectConfigurationPlatforms) = postSolution
		{5050CFDC-8317-4DA5-9C9F-E16261285AB7}.Debug|Any CPU.ActiveCfg = Debug|Any CPU
		{5050CFDC-8317-4DA5-9C9F-E16261285AB7}.Debug|Any CPU.Build.0 = Debug|Any CPU
		{5050CFDC-8317-4DA5-9C9F-E16261285AB7}.Release|Any CPU.ActiveCfg = Release|Any CPU
		{5050CFDC-8317-4DA5-9C9F-E16261285AB7}.Release|Any CPU.Build.0 = Release|Any CPU
		{A732A586-7E80-4E0C-A879-162DD671C766}.Debug|Any CPU.ActiveCfg = Debug|Any CPU
		{A732A586-7E80-4E0C-A879-162DD671C766}.Debug|Any CPU.Build.0 = Debug|Any CPU
		{A732A586-7E80-4E0C-A879-162DD671C766}.Release|Any CPU.ActiveCfg = Release|Any CPU
		{A732A586-7E80-4E0C-A879-162DD671C766}.Release|Any CPU.Build.0 = Release|Any CPU
	EndGlobalSection
	GlobalSection(SolutionProperties) = preSolution
		HideSolutionNode = FALSE
	EndGlobalSection
	GlobalSection(ExtensibilityGlobals) = postSolution
		SolutionGuid = {40FDFEBF-3E89-420B-B5B6-E4BC74278362}
	EndGlobalSection
EndGlobal
